
Microsoft Visual Studio Solution File, Format Version 12.00
# Visual Studio Version 17
VisualStudioVersion = 17.11.35327.3
MinimumVisualStudioVersion = 10.0.40219.1
Project("{FAE04EC0-301F-11D3-BF4B-00C04F79EFBC}") = "personalProjectMarch", "personalProjectMarch\personalProjectMarch.csproj", "{877EBFBB-52B5-4EDF-AF27-C7A1EADF29C3}"
EndProject
Global
	GlobalSection(SolutionConfigurationPlatforms) = preSolution
		Debug|Any CPU = Debug|Any CPU
		Release|Any CPU = Release|Any CPU
	EndGlobalSection
	GlobalSection(ProjectConfigurationPlatforms) = postSolution
		{877EBFBB-52B5-4EDF-AF27-C7A1EADF29C3}.Debug|Any CPU.ActiveCfg = Debug|Any CPU
		{877EBFBB-52B5-4EDF-AF27-C7A1EADF29C3}.Debug|Any CPU.Build.0 = Debug|Any CPU
		{877EBFBB-52B5-4EDF-AF27-C7A1EADF29C3}.Release|Any CPU.ActiveCfg = Release|Any CPU
		{877EBFBB-52B5-4EDF-AF27-C7A1EADF29C3}.Release|Any CPU.Build.0 = Release|Any CPU
	EndGlobalSection
	GlobalSection(SolutionProperties) = preSolution
		HideSolutionNode = FALSE
	EndGlobalSection
	GlobalSection(ExtensibilityGlobals) = postSolution
		SolutionGuid = {D44EF3CB-234F-4C51-B841-9AAB5294E4BD}
	EndGlobalSection
EndGlobal
